{
  "nodes": {
    "flake-compat": {
      "flake": false,
      "locked": {
        "lastModified": 1627913399,
        "narHash": "sha256-hY8g6H2KFL8ownSiFeMOjwPC8P0ueXpCVEbxgda3pko=",
        "owner": "edolstra",
        "repo": "flake-compat",
        "rev": "12c64ca55c1014cdc1b16ed5a804aa8576601ff2",
        "type": "github"
      },
      "original": {
        "owner": "edolstra",
        "repo": "flake-compat",
        "type": "github"
      }
    },
    "flake-utils": {
      "locked": {
        "lastModified": 1634851050,
        "narHash": "sha256-N83GlSGPJJdcqhUxSCS/WwW5pksYf3VP1M13cDRTSVA=",
        "owner": "numtide",
        "repo": "flake-utils",
        "rev": "c91f3de5adaf1de973b797ef7485e441a65b8935",
        "type": "github"
      },
      "original": {
        "owner": "numtide",
        "repo": "flake-utils",
        "type": "github"
      }
    },
    "flake-utils_2": {
      "locked": {
        "lastModified": 1629481132,
        "narHash": "sha256-JHgasjPR0/J1J3DRm4KxM4zTyAj4IOJY8vIl75v/kPI=",
        "owner": "numtide",
        "repo": "flake-utils",
        "rev": "997f7efcb746a9c140ce1f13c72263189225f482",
        "type": "github"
      },
      "original": {
        "owner": "numtide",
        "repo": "flake-utils",
        "type": "github"
      }
    },
    "home-manager": {
      "inputs": {
        "nixpkgs": "nixpkgs"
      },
      "locked": {
        "lastModified": 1634851225,
        "narHash": "sha256-fwtGHHl7fTELucIRBKO5JORD8QP9Lo9PwY9nrJuEybE=",
        "owner": "nix-community",
        "repo": "home-manager",
        "rev": "cfe82d9f444a1b77f135070f1c1ee63fa061f2fd",
        "type": "github"
      },
      "original": {
        "owner": "nix-community",
        "repo": "home-manager",
        "type": "github"
      }
    },
    "neovim": {
      "inputs": {
        "flake-compat": "flake-compat",
        "neovim-flake": "neovim-flake",
        "nixpkgs": "nixpkgs_2"
      },
      "locked": {
        "lastModified": 1634890407,
        "narHash": "sha256-gCkD8sj7bFS/JY+O+5JpAJXa6OBm3ZOzLgzxLuLWAKY=",
        "owner": "nix-community",
        "repo": "neovim-nightly-overlay",
        "rev": "3ee0aa4bfa70a9990ae0ee05daec06b5e4288ddb",
        "type": "github"
      },
      "original": {
        "owner": "nix-community",
        "ref": "master",
        "repo": "neovim-nightly-overlay",
        "type": "github"
      }
    },
    "neovim-flake": {
      "inputs": {
        "flake-utils": "flake-utils_2",
        "nixpkgs": [
          "neovim",
          "nixpkgs"
        ]
      },
      "locked": {
        "dir": "contrib",
        "lastModified": 1634834187,
        "narHash": "sha256-L/nuK/voar1fwM3tNHms953QQ80UNghqvsQootaOYQE=",
        "owner": "neovim",
        "repo": "neovim",
        "rev": "cb15055c294e6ebb9b2a65041cbff0a79cd3e69e",
        "type": "github"
      },
      "original": {
        "dir": "contrib",
        "owner": "neovim",
        "repo": "neovim",
        "type": "github"
      }
    },
    "nixos-hardware": {
      "locked": {
        "lastModified": 1633793047,
        "narHash": "sha256-XSMlHMVPKwcEqyHGdFj/ZeGMeZeKNwVExOfLlxcg4oE=",
        "owner": "NixOS",
        "repo": "nixos-hardware",
        "rev": "3aabf78bfcae62f5f99474f2ebbbe418f1c6e54f",
        "type": "github"
      },
      "original": {
        "owner": "NixOS",
        "ref": "master",
        "repo": "nixos-hardware",
        "type": "github"
      }
    },
    "nixpkgs": {
      "locked": {
        "lastModified": 1634903689,
        "narHash": "sha256-wSTFYBtdW2n5mKjIMGlJsb+lC48U/cC0tQM9Zb7UM/Q=",
        "owner": "NixOS",
        "repo": "nixpkgs",
        "rev": "930da485d9af8100f8858bd6fe8f28e3eca26933",
        "type": "github"
      },
      "original": {
        "id": "nixpkgs",
        "type": "indirect"
      }
    },
    "nixpkgs_2": {
      "locked": {
        "lastModified": 1634782485,
        "narHash": "sha256-psfh4OQSokGXG0lpq3zKFbhOo3QfoeudRcaUnwMRkQo=",
        "owner": "nixos",
        "repo": "nixpkgs",
        "rev": "34ad3ffe08adfca17fcb4e4a47bb5f3b113687be",
        "type": "github"
      },
      "original": {
        "owner": "nixos",
        "ref": "nixos-unstable",
        "repo": "nixpkgs",
        "type": "github"
      }
    },
    "nixpkgs_3": {
      "locked": {
        "lastModified": 1634883236,
        "narHash": "sha256-Z9ofgNzSmYVhs+STOAvk6QNy5KVsUmADOE+UIfur2ug=",
        "owner": "nixos",
        "repo": "nixpkgs",
        "rev": "b0274abf85097e9a2da868b28a5532918dc14380",
        "type": "github"
      },
      "original": {
        "owner": "nixos",
        "ref": "release-21.05",
        "repo": "nixpkgs",
        "type": "github"
      }
    },
    "nur": {
      "locked": {
        "lastModified": 1635331542,
        "narHash": "sha256-O+LLoUYhG6OtWoEQXfPlQz3ea19xkpxb9fGJ+FLoPto=",
        "owner": "nix-community",
        "repo": "NUR",
        "rev": "64eaaf70f14d5854a37f75c29dfd6c9511bf557a",
        "type": "github"
      },
      "original": {
        "owner": "nix-community",
        "repo": "NUR",
        "type": "github"
      }
    },
    "root": {
      "inputs": {
        "flake-utils": "flake-utils",
        "home-manager": "home-manager",
        "neovim": "neovim",
        "nixos-hardware": "nixos-hardware",
        "nixpkgs": "nixpkgs_3",
        "nur": "nur",
        "secrets": "secrets",
        "unstable": "unstable",
        "zsh-autosuggestions": "zsh-autosuggestions",
        "zsh-history-substring-search": "zsh-history-substring-search",
        "zsh-nix-shell": "zsh-nix-shell",
        "zsh-you-should-use": "zsh-you-should-use"
      }
    },
    "secrets": {
      "flake": false,
      "locked": {
        "narHash": "sha256-Xu5FTr3KRZrq6AFgmXoXw+vw6qlaolQWwSsg+ScREGk=",
        "path": "/secrets",
        "type": "path"
      },
      "original": {
        "path": "/secrets",
        "type": "path"
      }
    },
    "unstable": {
      "locked": {
        "lastModified": 1634782485,
        "narHash": "sha256-psfh4OQSokGXG0lpq3zKFbhOo3QfoeudRcaUnwMRkQo=",
        "owner": "nixos",
        "repo": "nixpkgs",
        "rev": "34ad3ffe08adfca17fcb4e4a47bb5f3b113687be",
        "type": "github"
      },
      "original": {
        "owner": "nixos",
        "ref": "nixos-unstable",
        "repo": "nixpkgs",
        "type": "github"
      }
    },
    "zsh-autosuggestions": {
      "flake": false,
      "locked": {
        "lastModified": 1622844304,
        "narHash": "sha256-KLUYpUu4DHRumQZ3w59m9aTW6TBKMCXl2UcKi4uMd7w=",
        "owner": "zsh-users",
        "repo": "zsh-autosuggestions",
        "rev": "a411ef3e0992d4839f0732ebeb9823024afaaaa8",
        "type": "github"
      },
      "original": {
        "owner": "zsh-users",
        "repo": "zsh-autosuggestions",
        "type": "github"
      }
    },
    "zsh-history-substring-search": {
      "flake": false,
      "locked": {
        "lastModified": 1627971553,
        "narHash": "sha256-8kiPBtgsjRDqLWt0xGJ6vBBLqCWEIyFpYfd+s1prHWk=",
        "owner": "zsh-users",
        "repo": "zsh-history-substring-search",
        "rev": "4abed97b6e67eb5590b39bcd59080aa23192f25d",
        "type": "github"
      },
      "original": {
        "owner": "zsh-users",
        "repo": "zsh-history-substring-search",
        "type": "github"
      }
    },
    "zsh-nix-shell": {
      "flake": false,
      "locked": {
        "lastModified": 1628023704,
        "narHash": "sha256-WNa8RljYhkOWk7AZbdTOvYhWw1fR8PjFxH/tnUCbems=",
        "owner": "chisui",
        "repo": "zsh-nix-shell",
        "rev": "f8574f27e1d7772629c9509b2116d504798fe30a",
        "type": "github"
      },
      "original": {
        "owner": "chisui",
        "repo": "zsh-nix-shell",
        "type": "github"
      }
    },
    "zsh-you-should-use": {
      "flake": false,
      "locked": {
        "lastModified": 1628094370,
        "narHash": "sha256-hTJjeJT9szHl9HXDHaSEmkv3wOARORs7sQA8/MjkfIo=",
        "owner": "MichaelAquilina",
        "repo": "zsh-you-should-use",
        "rev": "ccc7e7f75bd7169758a1c931ea574b96b71aa9a0",
        "type": "github"
      },
      "original": {
        "owner": "MichaelAquilina",
        "repo": "zsh-you-should-use",
        "type": "github"
      }
    }
  },
  "root": "root",
  "version": 7
}
